{
  "nodes": {
    "flake-parts": {
      "inputs": {
        "nixpkgs-lib": [
          "nixpkgs"
        ]
      },
      "locked": {
        "lastModified": 1704982712,
        "narHash": "sha256-2Ptt+9h8dczgle2Oo6z5ni5rt/uLMG47UFTR1ry/wgg=",
        "owner": "hercules-ci",
        "repo": "flake-parts",
        "rev": "07f6395285469419cf9d078f59b5b49993198c00",
        "type": "github"
      },
      "original": {
        "owner": "hercules-ci",
        "repo": "flake-parts",
        "type": "github"
      }
    },
    "haskell-flake": {
      "locked": {
        "lastModified": 1705984248,
        "narHash": "sha256-1zW2udPF4clKCuTgk0FHjGUB7x/Tfe8m9oUhe3hM/YQ=",
        "owner": "srid",
        "repo": "haskell-flake",
        "rev": "cea3332b027264e914673df392870ebb1e92de44",
        "type": "github"
      },
      "original": {
        "owner": "srid",
        "repo": "haskell-flake",
        "type": "github"
      }
    },
    "nixpkgs": {
      "locked": {
        "lastModified": 1700073923,
        "narHash": "sha256-K/ONhoPmXWK4xHiSjK0GwvB7kdoTuVz9gROCEnAdPiA=",
        "owner": "nixos",
        "repo": "nixpkgs",
        "rev": "63870277e79d8ba2c66032fe20414c96696fee49",
        "type": "github"
      },
      "original": {
        "owner": "nixos",
        "repo": "nixpkgs",
        "type": "github"
      }
    },
    "root": {
      "inputs": {
        "flake-parts": "flake-parts",
        "haskell-flake": "haskell-flake",
        "nixpkgs": "nixpkgs"
      }
    }
  },
  "root": "root",
  "version": 7
}
